// !$*UTF8*$!
{
	archiveVersion = 1;
	classes = {
	};
	objectVersion = 55;
	objects = {

/* Begin PBXBuildFile section */
		F20A46C7276384CF00A7EAC9 /* ToDoItemsListViewControllerProtocolMock.swift in Sources */ = {isa = PBXBuildFile; fileRef = F20A46C6276384CF00A7EAC9 /* ToDoItemsListViewControllerProtocolMock.swift */; };
		F20A46F12765EEEC00A7EAC9 /* ToDoItemDetailsViewControllerTests.swift in Sources */ = {isa = PBXBuildFile; fileRef = F20A46F02765EEEC00A7EAC9 /* ToDoItemDetailsViewControllerTests.swift */; };
		F20A46F32765F27000A7EAC9 /* ToDoItemDetailsViewController.swift in Sources */ = {isa = PBXBuildFile; fileRef = F20A46F22765F27000A7EAC9 /* ToDoItemDetailsViewController.swift */; };
		F20D252327045FA500546FC9 /* AppDelegate.swift in Sources */ = {isa = PBXBuildFile; fileRef = F20D252227045FA500546FC9 /* AppDelegate.swift */; };
		F20D252527045FA500546FC9 /* SceneDelegate.swift in Sources */ = {isa = PBXBuildFile; fileRef = F20D252427045FA500546FC9 /* SceneDelegate.swift */; };
		F20D252727045FA500546FC9 /* ViewController.swift in Sources */ = {isa = PBXBuildFile; fileRef = F20D252627045FA500546FC9 /* ViewController.swift */; };
		F20D252A27045FA500546FC9 /* Main.storyboard in Resources */ = {isa = PBXBuildFile; fileRef = F20D252827045FA500546FC9 /* Main.storyboard */; };
		F20D252C27045FA600546FC9 /* Assets.xcassets in Resources */ = {isa = PBXBuildFile; fileRef = F20D252B27045FA600546FC9 /* Assets.xcassets */; };
		F20D252F27045FA600546FC9 /* LaunchScreen.storyboard in Resources */ = {isa = PBXBuildFile; fileRef = F20D252D27045FA600546FC9 /* LaunchScreen.storyboard */; };
		F20D254427045FA600546FC9 /* ToDoUITests.swift in Sources */ = {isa = PBXBuildFile; fileRef = F20D254327045FA600546FC9 /* ToDoUITests.swift */; };
		F20D254627045FA600546FC9 /* ToDoUITestsLaunchTests.swift in Sources */ = {isa = PBXBuildFile; fileRef = F20D254527045FA600546FC9 /* ToDoUITestsLaunchTests.swift */; };
		F216CED42725495F007C7E93 /* Coordinate.swift in Sources */ = {isa = PBXBuildFile; fileRef = F216CED32725495F007C7E93 /* Coordinate.swift */; };
		F217CE5127075A85008B066C /* ToDoItemTests.swift in Sources */ = {isa = PBXBuildFile; fileRef = F217CE5027075A85008B066C /* ToDoItemTests.swift */; };
		F217CE5327076C08008B066C /* ToDoItem.swift in Sources */ = {isa = PBXBuildFile; fileRef = F217CE5227076C08008B066C /* ToDoItem.swift */; };
		F217CE552708773B008B066C /* Location.swift in Sources */ = {isa = PBXBuildFile; fileRef = F217CE542708773B008B066C /* Location.swift */; };
		F217CE57270B6245008B066C /* LocationTests.swift in Sources */ = {isa = PBXBuildFile; fileRef = F217CE56270B6245008B066C /* LocationTests.swift */; };
		F217CE5B27102927008B066C /* ToDoItemStoreTests.swift in Sources */ = {isa = PBXBuildFile; fileRef = F217CE5A27102927008B066C /* ToDoItemStoreTests.swift */; };
		F217CE5D27103157008B066C /* ToDoItemStore.swift in Sources */ = {isa = PBXBuildFile; fileRef = F217CE5C27103157008B066C /* ToDoItemStore.swift */; };
		F21C892227B7AF4C00126499 /* AppCoordinatorTests.swift in Sources */ = {isa = PBXBuildFile; fileRef = F21C892127B7AF4C00126499 /* AppCoordinatorTests.swift */; };
		F21C892427B7B05A00126499 /* NavigationControllerMock.swift in Sources */ = {isa = PBXBuildFile; fileRef = F21C892327B7B05A00126499 /* NavigationControllerMock.swift */; };
		F22B28F12792C62D00F2EC79 /* APIClientTests.swift in Sources */ = {isa = PBXBuildFile; fileRef = F22B28F02792C62D00F2EC79 /* APIClientTests.swift */; };
		F22B28F32792D3D400F2EC79 /* GeoCoderProtocolMock.swift in Sources */ = {isa = PBXBuildFile; fileRef = F22B28F22792D3D400F2EC79 /* GeoCoderProtocolMock.swift */; };
		F247624227514DD700DD9492 /* ToDoItemCell.swift in Sources */ = {isa = PBXBuildFile; fileRef = F247624127514DD700DD9492 /* ToDoItemCell.swift */; };
		F24762442753787800DD9492 /* ToDoItemCellTests.swift in Sources */ = {isa = PBXBuildFile; fileRef = F24762432753787800DD9492 /* ToDoItemCellTests.swift */; };
		F258EDB227410F970061DCC3 /* ToDoItemStoreProtocolMock.swift in Sources */ = {isa = PBXBuildFile; fileRef = F258EDB127410F970061DCC3 /* ToDoItemStoreProtocolMock.swift */; };
		F274B98E27367E09003648FF /* FileManagerExtension.swift in Sources */ = {isa = PBXBuildFile; fileRef = F274B98D27367E09003648FF /* FileManagerExtension.swift */; };
		F2A21E3E277DA9A000EA5825 /* APIClient.swift in Sources */ = {isa = PBXBuildFile; fileRef = F2A21E3D277DA9A000EA5825 /* APIClient.swift */; };
		F2A21E40277DABCA00EA5825 /* APIClientMock.swift in Sources */ = {isa = PBXBuildFile; fileRef = F2A21E3F277DABCA00EA5825 /* APIClientMock.swift */; };
		F2A21E48277F071800EA5825 /* ToDoItemInputViewDelegateMock.swift in Sources */ = {isa = PBXBuildFile; fileRef = F2A21E47277F071800EA5825 /* ToDoItemInputViewDelegateMock.swift */; };
		F2A8617227AFBA6600DA4265 /* AppSetupTests.swift in Sources */ = {isa = PBXBuildFile; fileRef = F2A8617127AFBA6600DA4265 /* AppSetupTests.swift */; };
		F2A8617427AFBE9C00DA4265 /* AppCoordinator.swift in Sources */ = {isa = PBXBuildFile; fileRef = F2A8617327AFBE9C00DA4265 /* AppCoordinator.swift */; };
		F2BD5C4527736EB900136C85 /* ViewInspector in Frameworks */ = {isa = PBXBuildFile; productRef = F2BD5C4427736EB900136C85 /* ViewInspector */; };
		F2BD5C4727736FFE00136C85 /* ToDoItemInputViewTests.swift in Sources */ = {isa = PBXBuildFile; fileRef = F2BD5C4627736FFE00136C85 /* ToDoItemInputViewTests.swift */; };
		F2BD5C4B2773734500136C85 /* ToDoItemInputView.swift in Sources */ = {isa = PBXBuildFile; fileRef = F2BD5C4A2773734500136C85 /* ToDoItemInputView.swift */; };
		F2BD5C4D2773754300136C85 /* ToDoItemData.swift in Sources */ = {isa = PBXBuildFile; fileRef = F2BD5C4C2773754300136C85 /* ToDoItemData.swift */; };
		F2C9FA97279BE90000DC9D69 /* URLSessionProtocolMock.swift in Sources */ = {isa = PBXBuildFile; fileRef = F2C9FA96279BE90000DC9D69 /* URLSessionProtocolMock.swift */; };
		F2D08F90273FA8D300DB131E /* ToDoItemsListViewControllerTests.swift in Sources */ = {isa = PBXBuildFile; fileRef = F2D08F8F273FA8D300DB131E /* ToDoItemsListViewControllerTests.swift */; };
		F2D08F92273FAD1600DB131E /* ToDoItemsListViewController.swift in Sources */ = {isa = PBXBuildFile; fileRef = F2D08F91273FAD1600DB131E /* ToDoItemsListViewController.swift */; };
		F2EB445A27BFE8D900BA0C25 /* ViewControllerMock.swift in Sources */ = {isa = PBXBuildFile; fileRef = F2EB445927BFE8D900BA0C25 /* ViewControllerMock.swift */; };
/* End PBXBuildFile section */

/* Begin PBXContainerItemProxy section */
		F20D253627045FA600546FC9 /* PBXContainerItemProxy */ = {
			isa = PBXContainerItemProxy;
			containerPortal = F20D251727045FA500546FC9 /* Project object */;
			proxyType = 1;
			remoteGlobalIDString = F20D251E27045FA500546FC9;
			remoteInfo = ToDo;
		};
		F20D254027045FA600546FC9 /* PBXContainerItemProxy */ = {
			isa = PBXContainerItemProxy;
			containerPortal = F20D251727045FA500546FC9 /* Project object */;
			proxyType = 1;
			remoteGlobalIDString = F20D251E27045FA500546FC9;
			remoteInfo = ToDo;
		};
/* End PBXContainerItemProxy section */

/* Begin PBXFileReference section */
		F20A46C6276384CF00A7EAC9 /* ToDoItemsListViewControllerProtocolMock.swift */ = {isa = PBXFileReference; lastKnownFileType = sourcecode.swift; path = ToDoItemsListViewControllerProtocolMock.swift; sourceTree = "<group>"; };
		F20A46F02765EEEC00A7EAC9 /* ToDoItemDetailsViewControllerTests.swift */ = {isa = PBXFileReference; lastKnownFileType = sourcecode.swift; path = ToDoItemDetailsViewControllerTests.swift; sourceTree = "<group>"; };
		F20A46F22765F27000A7EAC9 /* ToDoItemDetailsViewController.swift */ = {isa = PBXFileReference; lastKnownFileType = sourcecode.swift; path = ToDoItemDetailsViewController.swift; sourceTree = "<group>"; };
		F20D251F27045FA500546FC9 /* ToDo.app */ = {isa = PBXFileReference; explicitFileType = wrapper.application; includeInIndex = 0; path = ToDo.app; sourceTree = BUILT_PRODUCTS_DIR; };
		F20D252227045FA500546FC9 /* AppDelegate.swift */ = {isa = PBXFileReference; lastKnownFileType = sourcecode.swift; path = AppDelegate.swift; sourceTree = "<group>"; };
		F20D252427045FA500546FC9 /* SceneDelegate.swift */ = {isa = PBXFileReference; lastKnownFileType = sourcecode.swift; path = SceneDelegate.swift; sourceTree = "<group>"; };
		F20D252627045FA500546FC9 /* ViewController.swift */ = {isa = PBXFileReference; lastKnownFileType = sourcecode.swift; path = ViewController.swift; sourceTree = "<group>"; };
		F20D252927045FA500546FC9 /* Base */ = {isa = PBXFileReference; lastKnownFileType = file.storyboard; name = Base; path = Base.lproj/Main.storyboard; sourceTree = "<group>"; };
		F20D252B27045FA600546FC9 /* Assets.xcassets */ = {isa = PBXFileReference; lastKnownFileType = folder.assetcatalog; path = Assets.xcassets; sourceTree = "<group>"; };
		F20D252E27045FA600546FC9 /* Base */ = {isa = PBXFileReference; lastKnownFileType = file.storyboard; name = Base; path = Base.lproj/LaunchScreen.storyboard; sourceTree = "<group>"; };
		F20D253027045FA600546FC9 /* Info.plist */ = {isa = PBXFileReference; lastKnownFileType = text.plist.xml; path = Info.plist; sourceTree = "<group>"; };
		F20D253527045FA600546FC9 /* ToDoTests.xctest */ = {isa = PBXFileReference; explicitFileType = wrapper.cfbundle; includeInIndex = 0; path = ToDoTests.xctest; sourceTree = BUILT_PRODUCTS_DIR; };
		F20D253F27045FA600546FC9 /* ToDoUITests.xctest */ = {isa = PBXFileReference; explicitFileType = wrapper.cfbundle; includeInIndex = 0; path = ToDoUITests.xctest; sourceTree = BUILT_PRODUCTS_DIR; };
		F20D254327045FA600546FC9 /* ToDoUITests.swift */ = {isa = PBXFileReference; lastKnownFileType = sourcecode.swift; path = ToDoUITests.swift; sourceTree = "<group>"; };
		F20D254527045FA600546FC9 /* ToDoUITestsLaunchTests.swift */ = {isa = PBXFileReference; lastKnownFileType = sourcecode.swift; path = ToDoUITestsLaunchTests.swift; sourceTree = "<group>"; };
		F216CED32725495F007C7E93 /* Coordinate.swift */ = {isa = PBXFileReference; lastKnownFileType = sourcecode.swift; path = Coordinate.swift; sourceTree = "<group>"; };
		F217CE5027075A85008B066C /* ToDoItemTests.swift */ = {isa = PBXFileReference; lastKnownFileType = sourcecode.swift; path = ToDoItemTests.swift; sourceTree = "<group>"; };
		F217CE5227076C08008B066C /* ToDoItem.swift */ = {isa = PBXFileReference; lastKnownFileType = sourcecode.swift; path = ToDoItem.swift; sourceTree = "<group>"; };
		F217CE542708773B008B066C /* Location.swift */ = {isa = PBXFileReference; lastKnownFileType = sourcecode.swift; path = Location.swift; sourceTree = "<group>"; };
		F217CE56270B6245008B066C /* LocationTests.swift */ = {isa = PBXFileReference; lastKnownFileType = sourcecode.swift; path = LocationTests.swift; sourceTree = "<group>"; };
		F217CE5A27102927008B066C /* ToDoItemStoreTests.swift */ = {isa = PBXFileReference; lastKnownFileType = sourcecode.swift; path = ToDoItemStoreTests.swift; sourceTree = "<group>"; };
		F217CE5C27103157008B066C /* ToDoItemStore.swift */ = {isa = PBXFileReference; lastKnownFileType = sourcecode.swift; path = ToDoItemStore.swift; sourceTree = "<group>"; };
		F21C892127B7AF4C00126499 /* AppCoordinatorTests.swift */ = {isa = PBXFileReference; lastKnownFileType = sourcecode.swift; path = AppCoordinatorTests.swift; sourceTree = "<group>"; };
		F21C892327B7B05A00126499 /* NavigationControllerMock.swift */ = {isa = PBXFileReference; lastKnownFileType = sourcecode.swift; path = NavigationControllerMock.swift; sourceTree = "<group>"; };
		F22B28F02792C62D00F2EC79 /* APIClientTests.swift */ = {isa = PBXFileReference; lastKnownFileType = sourcecode.swift; path = APIClientTests.swift; sourceTree = "<group>"; };
		F22B28F22792D3D400F2EC79 /* GeoCoderProtocolMock.swift */ = {isa = PBXFileReference; lastKnownFileType = sourcecode.swift; path = GeoCoderProtocolMock.swift; sourceTree = "<group>"; };
		F247624127514DD700DD9492 /* ToDoItemCell.swift */ = {isa = PBXFileReference; lastKnownFileType = sourcecode.swift; path = ToDoItemCell.swift; sourceTree = "<group>"; };
		F24762432753787800DD9492 /* ToDoItemCellTests.swift */ = {isa = PBXFileReference; lastKnownFileType = sourcecode.swift; path = ToDoItemCellTests.swift; sourceTree = "<group>"; };
		F258EDB127410F970061DCC3 /* ToDoItemStoreProtocolMock.swift */ = {isa = PBXFileReference; lastKnownFileType = sourcecode.swift; path = ToDoItemStoreProtocolMock.swift; sourceTree = "<group>"; };
		F274B98D27367E09003648FF /* FileManagerExtension.swift */ = {isa = PBXFileReference; lastKnownFileType = sourcecode.swift; path = FileManagerExtension.swift; sourceTree = "<group>"; };
		F2A21E3D277DA9A000EA5825 /* APIClient.swift */ = {isa = PBXFileReference; lastKnownFileType = sourcecode.swift; path = APIClient.swift; sourceTree = "<group>"; };
		F2A21E3F277DABCA00EA5825 /* APIClientMock.swift */ = {isa = PBXFileReference; lastKnownFileType = sourcecode.swift; path = APIClientMock.swift; sourceTree = "<group>"; };
		F2A21E47277F071800EA5825 /* ToDoItemInputViewDelegateMock.swift */ = {isa = PBXFileReference; lastKnownFileType = sourcecode.swift; path = ToDoItemInputViewDelegateMock.swift; sourceTree = "<group>"; };
		F2A8617127AFBA6600DA4265 /* AppSetupTests.swift */ = {isa = PBXFileReference; lastKnownFileType = sourcecode.swift; path = AppSetupTests.swift; sourceTree = "<group>"; };
		F2A8617327AFBE9C00DA4265 /* AppCoordinator.swift */ = {isa = PBXFileReference; lastKnownFileType = sourcecode.swift; path = AppCoordinator.swift; sourceTree = "<group>"; };
		F2BD5C4627736FFE00136C85 /* ToDoItemInputViewTests.swift */ = {isa = PBXFileReference; lastKnownFileType = sourcecode.swift; path = ToDoItemInputViewTests.swift; sourceTree = "<group>"; };
		F2BD5C4A2773734500136C85 /* ToDoItemInputView.swift */ = {isa = PBXFileReference; lastKnownFileType = sourcecode.swift; path = ToDoItemInputView.swift; sourceTree = "<group>"; };
		F2BD5C4C2773754300136C85 /* ToDoItemData.swift */ = {isa = PBXFileReference; lastKnownFileType = sourcecode.swift; path = ToDoItemData.swift; sourceTree = "<group>"; };
		F2C9FA96279BE90000DC9D69 /* URLSessionProtocolMock.swift */ = {isa = PBXFileReference; lastKnownFileType = sourcecode.swift; path = URLSessionProtocolMock.swift; sourceTree = "<group>"; };
		F2D08F8F273FA8D300DB131E /* ToDoItemsListViewControllerTests.swift */ = {isa = PBXFileReference; lastKnownFileType = sourcecode.swift; path = ToDoItemsListViewControllerTests.swift; sourceTree = "<group>"; };
		F2D08F91273FAD1600DB131E /* ToDoItemsListViewController.swift */ = {isa = PBXFileReference; lastKnownFileType = sourcecode.swift; path = ToDoItemsListViewController.swift; sourceTree = "<group>"; };
		F2EB445927BFE8D900BA0C25 /* ViewControllerMock.swift */ = {isa = PBXFileReference; lastKnownFileType = sourcecode.swift; path = ViewControllerMock.swift; sourceTree = "<group>"; };
/* End PBXFileReference section */

/* Begin PBXFrameworksBuildPhase section */
		F20D251C27045FA500546FC9 /* Frameworks */ = {
			isa = PBXFrameworksBuildPhase;
			buildActionMask = 2147483647;
			files = (
			);
			runOnlyForDeploymentPostprocessing = 0;
		};
		F20D253227045FA600546FC9 /* Frameworks */ = {
			isa = PBXFrameworksBuildPhase;
			buildActionMask = 2147483647;
			files = (
				F2BD5C4527736EB900136C85 /* ViewInspector in Frameworks */,
			);
			runOnlyForDeploymentPostprocessing = 0;
		};
		F20D253C27045FA600546FC9 /* Frameworks */ = {
			isa = PBXFrameworksBuildPhase;
			buildActionMask = 2147483647;
			files = (
			);
			runOnlyForDeploymentPostprocessing = 0;
		};
/* End PBXFrameworksBuildPhase section */

/* Begin PBXGroup section */
		F20D251627045FA500546FC9 = {
			isa = PBXGroup;
			children = (
				F20D252127045FA500546FC9 /* ToDo */,
				F20D253827045FA600546FC9 /* ToDoTests */,
				F20D254227045FA600546FC9 /* ToDoUITests */,
				F20D252027045FA500546FC9 /* Products */,
			);
			sourceTree = "<group>";
		};
		F20D252027045FA500546FC9 /* Products */ = {
			isa = PBXGroup;
			children = (
				F20D251F27045FA500546FC9 /* ToDo.app */,
				F20D253527045FA600546FC9 /* ToDoTests.xctest */,
				F20D253F27045FA600546FC9 /* ToDoUITests.xctest */,
			);
			name = Products;
			sourceTree = "<group>";
		};
		F20D252127045FA500546FC9 /* ToDo */ = {
			isa = PBXGroup;
			children = (
				F20D252227045FA500546FC9 /* AppDelegate.swift */,
				F20D252427045FA500546FC9 /* SceneDelegate.swift */,
				F20D252627045FA500546FC9 /* ViewController.swift */,
				F20D252827045FA500546FC9 /* Main.storyboard */,
				F20D252B27045FA600546FC9 /* Assets.xcassets */,
				F20D252D27045FA600546FC9 /* LaunchScreen.storyboard */,
				F20D253027045FA600546FC9 /* Info.plist */,
				F2D60425278984FA003958A2 /* Model */,
				F2D604262789850D003958A2 /* Views */,
				F2D6042727898525003958A2 /* Networking */,
				F274B98D27367E09003648FF /* FileManagerExtension.swift */,
				F2A8617327AFBE9C00DA4265 /* AppCoordinator.swift */,
			);
			path = ToDo;
			sourceTree = "<group>";
		};
		F20D253827045FA600546FC9 /* ToDoTests */ = {
			isa = PBXGroup;
			children = (
				F2D604282789853C003958A2 /* Model */,
				F2D604292789854D003958A2 /* Views */,
				F2D6042A27898558003958A2 /* Doubles */,
				F22B28F02792C62D00F2EC79 /* APIClientTests.swift */,
				F2A8617127AFBA6600DA4265 /* AppSetupTests.swift */,
				F21C892127B7AF4C00126499 /* AppCoordinatorTests.swift */,
			);
			path = ToDoTests;
			sourceTree = "<group>";
		};
		F20D254227045FA600546FC9 /* ToDoUITests */ = {
			isa = PBXGroup;
			children = (
				F20D254327045FA600546FC9 /* ToDoUITests.swift */,
				F20D254527045FA600546FC9 /* ToDoUITestsLaunchTests.swift */,
			);
			path = ToDoUITests;
			sourceTree = "<group>";
		};
		F2D60425278984FA003958A2 /* Model */ = {
			isa = PBXGroup;
			children = (
				F217CE5227076C08008B066C /* ToDoItem.swift */,
				F217CE542708773B008B066C /* Location.swift */,
				F216CED32725495F007C7E93 /* Coordinate.swift */,
				F217CE5C27103157008B066C /* ToDoItemStore.swift */,
				F2BD5C4C2773754300136C85 /* ToDoItemData.swift */,
			);
			path = Model;
			sourceTree = "<group>";
		};
		F2D604262789850D003958A2 /* Views */ = {
			isa = PBXGroup;
			children = (
				F2D08F91273FAD1600DB131E /* ToDoItemsListViewController.swift */,
				F247624127514DD700DD9492 /* ToDoItemCell.swift */,
				F20A46F22765F27000A7EAC9 /* ToDoItemDetailsViewController.swift */,
				F2BD5C4A2773734500136C85 /* ToDoItemInputView.swift */,
			);
			path = Views;
			sourceTree = "<group>";
		};
		F2D6042727898525003958A2 /* Networking */ = {
			isa = PBXGroup;
			children = (
				F2A21E3D277DA9A000EA5825 /* APIClient.swift */,
			);
			path = Networking;
			sourceTree = "<group>";
		};
		F2D604282789853C003958A2 /* Model */ = {
			isa = PBXGroup;
			children = (
				F217CE5027075A85008B066C /* ToDoItemTests.swift */,
				F217CE56270B6245008B066C /* LocationTests.swift */,
				F217CE5A27102927008B066C /* ToDoItemStoreTests.swift */,
			);
			path = Model;
			sourceTree = "<group>";
		};
		F2D604292789854D003958A2 /* Views */ = {
			isa = PBXGroup;
			children = (
				F2D08F8F273FA8D300DB131E /* ToDoItemsListViewControllerTests.swift */,
				F24762432753787800DD9492 /* ToDoItemCellTests.swift */,
				F20A46F02765EEEC00A7EAC9 /* ToDoItemDetailsViewControllerTests.swift */,
				F2BD5C4627736FFE00136C85 /* ToDoItemInputViewTests.swift */,
			);
			path = Views;
			sourceTree = "<group>";
		};
		F2D6042A27898558003958A2 /* Doubles */ = {
			isa = PBXGroup;
			children = (
				F258EDB127410F970061DCC3 /* ToDoItemStoreProtocolMock.swift */,
				F20A46C6276384CF00A7EAC9 /* ToDoItemsListViewControllerProtocolMock.swift */,
				F2A21E3F277DABCA00EA5825 /* APIClientMock.swift */,
				F2A21E47277F071800EA5825 /* ToDoItemInputViewDelegateMock.swift */,
				F22B28F22792D3D400F2EC79 /* GeoCoderProtocolMock.swift */,
				F2C9FA96279BE90000DC9D69 /* URLSessionProtocolMock.swift */,
				F21C892327B7B05A00126499 /* NavigationControllerMock.swift */,
				F2EB445927BFE8D900BA0C25 /* ViewControllerMock.swift */,
			);
			path = Doubles;
			sourceTree = "<group>";
		};
/* End PBXGroup section */

/* Begin PBXNativeTarget section */
		F20D251E27045FA500546FC9 /* ToDo */ = {
			isa = PBXNativeTarget;
			buildConfigurationList = F20D254927045FA600546FC9 /* Build configuration list for PBXNativeTarget "ToDo" */;
			buildPhases = (
				F20D251B27045FA500546FC9 /* Sources */,
				F20D251C27045FA500546FC9 /* Frameworks */,
				F20D251D27045FA500546FC9 /* Resources */,
			);
			buildRules = (
			);
			dependencies = (
			);
			name = ToDo;
			productName = ToDo;
			productReference = F20D251F27045FA500546FC9 /* ToDo.app */;
			productType = "com.apple.product-type.application";
		};
		F20D253427045FA600546FC9 /* ToDoTests */ = {
			isa = PBXNativeTarget;
			buildConfigurationList = F20D254C27045FA600546FC9 /* Build configuration list for PBXNativeTarget "ToDoTests" */;
			buildPhases = (
				F20D253127045FA600546FC9 /* Sources */,
				F20D253227045FA600546FC9 /* Frameworks */,
				F20D253327045FA600546FC9 /* Resources */,
			);
			buildRules = (
			);
			dependencies = (
				F20D253727045FA600546FC9 /* PBXTargetDependency */,
			);
			name = ToDoTests;
			packageProductDependencies = (
				F2BD5C4427736EB900136C85 /* ViewInspector */,
			);
			productName = ToDoTests;
			productReference = F20D253527045FA600546FC9 /* ToDoTests.xctest */;
			productType = "com.apple.product-type.bundle.unit-test";
		};
		F20D253E27045FA600546FC9 /* ToDoUITests */ = {
			isa = PBXNativeTarget;
			buildConfigurationList = F20D254F27045FA600546FC9 /* Build configuration list for PBXNativeTarget "ToDoUITests" */;
			buildPhases = (
				F20D253B27045FA600546FC9 /* Sources */,
				F20D253C27045FA600546FC9 /* Frameworks */,
				F20D253D27045FA600546FC9 /* Resources */,
			);
			buildRules = (
			);
			dependencies = (
				F20D254127045FA600546FC9 /* PBXTargetDependency */,
			);
			name = ToDoUITests;
			productName = ToDoUITests;
			productReference = F20D253F27045FA600546FC9 /* ToDoUITests.xctest */;
			productType = "com.apple.product-type.bundle.ui-testing";
		};
/* End PBXNativeTarget section */

/* Begin PBXProject section */
		F20D251727045FA500546FC9 /* Project object */ = {
			isa = PBXProject;
			attributes = {
				BuildIndependentTargetsInParallel = 1;
				LastSwiftUpdateCheck = 1300;
				LastUpgradeCheck = 1300;
				ORGANIZATIONNAME = dasdom;
				TargetAttributes = {
					F20D251E27045FA500546FC9 = {
						CreatedOnToolsVersion = 13.0;
					};
					F20D253427045FA600546FC9 = {
						CreatedOnToolsVersion = 13.0;
						TestTargetID = F20D251E27045FA500546FC9;
					};
					F20D253E27045FA600546FC9 = {
						CreatedOnToolsVersion = 13.0;
						TestTargetID = F20D251E27045FA500546FC9;
					};
				};
			};
			buildConfigurationList = F20D251A27045FA500546FC9 /* Build configuration list for PBXProject "ToDo" */;
			compatibilityVersion = "Xcode 13.0";
			developmentRegion = en;
			hasScannedForEncodings = 0;
			knownRegions = (
				en,
				Base,
			);
			mainGroup = F20D251627045FA500546FC9;
			packageReferences = (
				F2BD5C4327736EB900136C85 /* XCRemoteSwiftPackageReference "ViewInspector" */,
			);
			productRefGroup = F20D252027045FA500546FC9 /* Products */;
			projectDirPath = "";
			projectRoot = "";
			targets = (
				F20D251E27045FA500546FC9 /* ToDo */,
				F20D253427045FA600546FC9 /* ToDoTests */,
				F20D253E27045FA600546FC9 /* ToDoUITests */,
			);
		};
/* End PBXProject section */

/* Begin PBXResourcesBuildPhase section */
		F20D251D27045FA500546FC9 /* Resources */ = {
			isa = PBXResourcesBuildPhase;
			buildActionMask = 2147483647;
			files = (
				F20D252F27045FA600546FC9 /* LaunchScreen.storyboard in Resources */,
				F20D252C27045FA600546FC9 /* Assets.xcassets in Resources */,
				F20D252A27045FA500546FC9 /* Main.storyboard in Resources */,
			);
			runOnlyForDeploymentPostprocessing = 0;
		};
		F20D253327045FA600546FC9 /* Resources */ = {
			isa = PBXResourcesBuildPhase;
			buildActionMask = 2147483647;
			files = (
			);
			runOnlyForDeploymentPostprocessing = 0;
		};
		F20D253D27045FA600546FC9 /* Resources */ = {
			isa = PBXResourcesBuildPhase;
			buildActionMask = 2147483647;
			files = (
			);
			runOnlyForDeploymentPostprocessing = 0;
		};
/* End PBXResourcesBuildPhase section */

/* Begin PBXSourcesBuildPhase section */
		F20D251B27045FA500546FC9 /* Sources */ = {
			isa = PBXSourcesBuildPhase;
			buildActionMask = 2147483647;
			files = (
				F216CED42725495F007C7E93 /* Coordinate.swift in Sources */,
				F2A21E3E277DA9A000EA5825 /* APIClient.swift in Sources */,
				F20D252727045FA500546FC9 /* ViewController.swift in Sources */,
				F2BD5C4B2773734500136C85 /* ToDoItemInputView.swift in Sources */,
				F20D252327045FA500546FC9 /* AppDelegate.swift in Sources */,
				F20A46F32765F27000A7EAC9 /* ToDoItemDetailsViewController.swift in Sources */,
				F217CE552708773B008B066C /* Location.swift in Sources */,
				F217CE5327076C08008B066C /* ToDoItem.swift in Sources */,
				F274B98E27367E09003648FF /* FileManagerExtension.swift in Sources */,
				F247624227514DD700DD9492 /* ToDoItemCell.swift in Sources */,
				F2D08F92273FAD1600DB131E /* ToDoItemsListViewController.swift in Sources */,
				F2BD5C4D2773754300136C85 /* ToDoItemData.swift in Sources */,
				F2A8617427AFBE9C00DA4265 /* AppCoordinator.swift in Sources */,
				F217CE5D27103157008B066C /* ToDoItemStore.swift in Sources */,
				F20D252527045FA500546FC9 /* SceneDelegate.swift in Sources */,
			);
			runOnlyForDeploymentPostprocessing = 0;
		};
		F20D253127045FA600546FC9 /* Sources */ = {
			isa = PBXSourcesBuildPhase;
			buildActionMask = 2147483647;
			files = (
				F21C892427B7B05A00126499 /* NavigationControllerMock.swift in Sources */,
				F2BD5C4727736FFE00136C85 /* ToDoItemInputViewTests.swift in Sources */,
				F2A8617227AFBA6600DA4265 /* AppSetupTests.swift in Sources */,
				F20A46F12765EEEC00A7EAC9 /* ToDoItemDetailsViewControllerTests.swift in Sources */,
				F2EB445A27BFE8D900BA0C25 /* ViewControllerMock.swift in Sources */,
				F2C9FA97279BE90000DC9D69 /* URLSessionProtocolMock.swift in Sources */,
				F20A46C7276384CF00A7EAC9 /* ToDoItemsListViewControllerProtocolMock.swift in Sources */,
				F22B28F12792C62D00F2EC79 /* APIClientTests.swift in Sources */,
				F2A21E48277F071800EA5825 /* ToDoItemInputViewDelegateMock.swift in Sources */,
				F24762442753787800DD9492 /* ToDoItemCellTests.swift in Sources */,
				F217CE5B27102927008B066C /* ToDoItemStoreTests.swift in Sources */,
				F217CE57270B6245008B066C /* LocationTests.swift in Sources */,
				F217CE5127075A85008B066C /* ToDoItemTests.swift in Sources */,
				F22B28F32792D3D400F2EC79 /* GeoCoderProtocolMock.swift in Sources */,
				F21C892227B7AF4C00126499 /* AppCoordinatorTests.swift in Sources */,
				F258EDB227410F970061DCC3 /* ToDoItemStoreProtocolMock.swift in Sources */,
				F2D08F90273FA8D300DB131E /* ToDoItemsListViewControllerTests.swift in Sources */,
				F2A21E40277DABCA00EA5825 /* APIClientMock.swift in Sources */,
			);
			runOnlyForDeploymentPostprocessing = 0;
		};
		F20D253B27045FA600546FC9 /* Sources */ = {
			isa = PBXSourcesBuildPhase;
			buildActionMask = 2147483647;
			files = (
				F20D254627045FA600546FC9 /* ToDoUITestsLaunchTests.swift in Sources */,
				F20D254427045FA600546FC9 /* ToDoUITests.swift in Sources */,
			);
			runOnlyForDeploymentPostprocessing = 0;
		};
/* End PBXSourcesBuildPhase section */

/* Begin PBXTargetDependency section */
		F20D253727045FA600546FC9 /* PBXTargetDependency */ = {
			isa = PBXTargetDependency;
			target = F20D251E27045FA500546FC9 /* ToDo */;
			targetProxy = F20D253627045FA600546FC9 /* PBXContainerItemProxy */;
		};
		F20D254127045FA600546FC9 /* PBXTargetDependency */ = {
			isa = PBXTargetDependency;
			target = F20D251E27045FA500546FC9 /* ToDo */;
			targetProxy = F20D254027045FA600546FC9 /* PBXContainerItemProxy */;
		};
/* End PBXTargetDependency section */

/* Begin PBXVariantGroup section */
		F20D252827045FA500546FC9 /* Main.storyboard */ = {
			isa = PBXVariantGroup;
			children = (
				F20D252927045FA500546FC9 /* Base */,
			);
			name = Main.storyboard;
			sourceTree = "<group>";
		};
		F20D252D27045FA600546FC9 /* LaunchScreen.storyboard */ = {
			isa = PBXVariantGroup;
			children = (
				F20D252E27045FA600546FC9 /* Base */,
			);
			name = LaunchScreen.storyboard;
			sourceTree = "<group>";
		};
/* End PBXVariantGroup section */

/* Begin XCBuildConfiguration section */
		F20D254727045FA600546FC9 /* Debug */ = {
			isa = XCBuildConfiguration;
			buildSettings = {
				ALWAYS_SEARCH_USER_PATHS = NO;
				CLANG_ANALYZER_NONNULL = YES;
				CLANG_ANALYZER_NUMBER_OBJECT_CONVERSION = YES_AGGRESSIVE;
				CLANG_CXX_LANGUAGE_STANDARD = "gnu++17";
				CLANG_CXX_LIBRARY = "libc++";
				CLANG_ENABLE_MODULES = YES;
				CLANG_ENABLE_OBJC_ARC = YES;
				CLANG_ENABLE_OBJC_WEAK = YES;
				CLANG_WARN_BLOCK_CAPTURE_AUTORELEASING = YES;
				CLANG_WARN_BOOL_CONVERSION = YES;
				CLANG_WARN_COMMA = YES;
				CLANG_WARN_CONSTANT_CONVERSION = YES;
				CLANG_WARN_DEPRECATED_OBJC_IMPLEMENTATIONS = YES;
				CLANG_WARN_DIRECT_OBJC_ISA_USAGE = YES_ERROR;
				CLANG_WARN_DOCUMENTATION_COMMENTS = YES;
				CLANG_WARN_EMPTY_BODY = YES;
				CLANG_WARN_ENUM_CONVERSION = YES;
				CLANG_WARN_INFINITE_RECURSION = YES;
				CLANG_WARN_INT_CONVERSION = YES;
				CLANG_WARN_NON_LITERAL_NULL_CONVERSION = YES;
				CLANG_WARN_OBJC_IMPLICIT_RETAIN_SELF = YES;
				CLANG_WARN_OBJC_LITERAL_CONVERSION = YES;
				CLANG_WARN_OBJC_ROOT_CLASS = YES_ERROR;
				CLANG_WARN_QUOTED_INCLUDE_IN_FRAMEWORK_HEADER = YES;
				CLANG_WARN_RANGE_LOOP_ANALYSIS = YES;
				CLANG_WARN_STRICT_PROTOTYPES = YES;
				CLANG_WARN_SUSPICIOUS_MOVE = YES;
				CLANG_WARN_UNGUARDED_AVAILABILITY = YES_AGGRESSIVE;
				CLANG_WARN_UNREACHABLE_CODE = YES;
				CLANG_WARN__DUPLICATE_METHOD_MATCH = YES;
				COPY_PHASE_STRIP = NO;
				DEBUG_INFORMATION_FORMAT = dwarf;
				ENABLE_STRICT_OBJC_MSGSEND = YES;
				ENABLE_TESTABILITY = YES;
				GCC_C_LANGUAGE_STANDARD = gnu11;
				GCC_DYNAMIC_NO_PIC = NO;
				GCC_NO_COMMON_BLOCKS = YES;
				GCC_OPTIMIZATION_LEVEL = 0;
				GCC_PREPROCESSOR_DEFINITIONS = (
					"DEBUG=1",
					"$(inherited)",
				);
				GCC_WARN_64_TO_32_BIT_CONVERSION = YES;
				GCC_WARN_ABOUT_RETURN_TYPE = YES_ERROR;
				GCC_WARN_UNDECLARED_SELECTOR = YES;
				GCC_WARN_UNINITIALIZED_AUTOS = YES_AGGRESSIVE;
				GCC_WARN_UNUSED_FUNCTION = YES;
				GCC_WARN_UNUSED_VARIABLE = YES;
				IPHONEOS_DEPLOYMENT_TARGET = 15.0;
				MTL_ENABLE_DEBUG_INFO = INCLUDE_SOURCE;
				MTL_FAST_MATH = YES;
				ONLY_ACTIVE_ARCH = YES;
				SDKROOT = iphoneos;
				SWIFT_ACTIVE_COMPILATION_CONDITIONS = DEBUG;
				SWIFT_OPTIMIZATION_LEVEL = "-Onone";
			};
			name = Debug;
		};
		F20D254827045FA600546FC9 /* Release */ = {
			isa = XCBuildConfiguration;
			buildSettings = {
				ALWAYS_SEARCH_USER_PATHS = NO;
				CLANG_ANALYZER_NONNULL = YES;
				CLANG_ANALYZER_NUMBER_OBJECT_CONVERSION = YES_AGGRESSIVE;
				CLANG_CXX_LANGUAGE_STANDARD = "gnu++17";
				CLANG_CXX_LIBRARY = "libc++";
				CLANG_ENABLE_MODULES = YES;
				CLANG_ENABLE_OBJC_ARC = YES;
				CLANG_ENABLE_OBJC_WEAK = YES;
				CLANG_WARN_BLOCK_CAPTURE_AUTORELEASING = YES;
				CLANG_WARN_BOOL_CONVERSION = YES;
				CLANG_WARN_COMMA = YES;
				CLANG_WARN_CONSTANT_CONVERSION = YES;
				CLANG_WARN_DEPRECATED_OBJC_IMPLEMENTATIONS = YES;
				CLANG_WARN_DIRECT_OBJC_ISA_USAGE = YES_ERROR;
				CLANG_WARN_DOCUMENTATION_COMMENTS = YES;
				CLANG_WARN_EMPTY_BODY = YES;
				CLANG_WARN_ENUM_CONVERSION = YES;
				CLANG_WARN_INFINITE_RECURSION = YES;
				CLANG_WARN_INT_CONVERSION = YES;
				CLANG_WARN_NON_LITERAL_NULL_CONVERSION = YES;
				CLANG_WARN_OBJC_IMPLICIT_RETAIN_SELF = YES;
				CLANG_WARN_OBJC_LITERAL_CONVERSION = YES;
				CLANG_WARN_OBJC_ROOT_CLASS = YES_ERROR;
				CLANG_WARN_QUOTED_INCLUDE_IN_FRAMEWORK_HEADER = YES;
				CLANG_WARN_RANGE_LOOP_ANALYSIS = YES;
				CLANG_WARN_STRICT_PROTOTYPES = YES;
				CLANG_WARN_SUSPICIOUS_MOVE = YES;
				CLANG_WARN_UNGUARDED_AVAILABILITY = YES_AGGRESSIVE;
				CLANG_WARN_UNREACHABLE_CODE = YES;
				CLANG_WARN__DUPLICATE_METHOD_MATCH = YES;
				COPY_PHASE_STRIP = NO;
				DEBUG_INFORMATION_FORMAT = "dwarf-with-dsym";
				ENABLE_NS_ASSERTIONS = NO;
				ENABLE_STRICT_OBJC_MSGSEND = YES;
				GCC_C_LANGUAGE_STANDARD = gnu11;
				GCC_NO_COMMON_BLOCKS = YES;
				GCC_WARN_64_TO_32_BIT_CONVERSION = YES;
				GCC_WARN_ABOUT_RETURN_TYPE = YES_ERROR;
				GCC_WARN_UNDECLARED_SELECTOR = YES;
				GCC_WARN_UNINITIALIZED_AUTOS = YES_AGGRESSIVE;
				GCC_WARN_UNUSED_FUNCTION = YES;
				GCC_WARN_UNUSED_VARIABLE = YES;
				IPHONEOS_DEPLOYMENT_TARGET = 15.0;
				MTL_ENABLE_DEBUG_INFO = NO;
				MTL_FAST_MATH = YES;
				SDKROOT = iphoneos;
				SWIFT_COMPILATION_MODE = wholemodule;
				SWIFT_OPTIMIZATION_LEVEL = "-O";
				VALIDATE_PRODUCT = YES;
			};
			name = Release;
		};
		F20D254A27045FA600546FC9 /* Debug */ = {
			isa = XCBuildConfiguration;
			buildSettings = {
				ASSETCATALOG_COMPILER_APPICON_NAME = AppIcon;
				ASSETCATALOG_COMPILER_GLOBAL_ACCENT_COLOR_NAME = AccentColor;
				CODE_SIGN_STYLE = Automatic;
				CURRENT_PROJECT_VERSION = 1;
				DEVELOPMENT_TEAM = Q6PD97MRX4;
				GENERATE_INFOPLIST_FILE = YES;
				INFOPLIST_FILE = ToDo/Info.plist;
				INFOPLIST_KEY_UIApplicationSupportsIndirectInputEvents = YES;
				INFOPLIST_KEY_UILaunchStoryboardName = LaunchScreen;
				INFOPLIST_KEY_UIMainStoryboardFile = Main;
				INFOPLIST_KEY_UISupportedInterfaceOrientations_iPad = "UIInterfaceOrientationPortrait UIInterfaceOrientationPortraitUpsideDown UIInterfaceOrientationLandscapeLeft UIInterfaceOrientationLandscapeRight";
				INFOPLIST_KEY_UISupportedInterfaceOrientations_iPhone = "UIInterfaceOrientationPortrait UIInterfaceOrientationLandscapeLeft UIInterfaceOrientationLandscapeRight";
				LD_RUNPATH_SEARCH_PATHS = (
					"$(inherited)",
					"@executable_path/Frameworks",
				);
				MARKETING_VERSION = 1.0;
				PRODUCT_BUNDLE_IDENTIFIER = de.dasdom.ToDo;
				PRODUCT_NAME = "$(TARGET_NAME)";
				SWIFT_EMIT_LOC_STRINGS = YES;
				SWIFT_VERSION = 5.0;
				TARGETED_DEVICE_FAMILY = "1,2";
			};
			name = Debug;
		};
		F20D254B27045FA600546FC9 /* Release */ = {
			isa = XCBuildConfiguration;
			buildSettings = {
				ASSETCATALOG_COMPILER_APPICON_NAME = AppIcon;
				ASSETCATALOG_COMPILER_GLOBAL_ACCENT_COLOR_NAME = AccentColor;
				CODE_SIGN_STYLE = Automatic;
				CURRENT_PROJECT_VERSION = 1;
				DEVELOPMENT_TEAM = Q6PD97MRX4;
				GENERATE_INFOPLIST_FILE = YES;
				INFOPLIST_FILE = ToDo/Info.plist;
				INFOPLIST_KEY_UIApplicationSupportsIndirectInputEvents = YES;
				INFOPLIST_KEY_UILaunchStoryboardName = LaunchScreen;
				INFOPLIST_KEY_UIMainStoryboardFile = Main;
				INFOPLIST_KEY_UISupportedInterfaceOrientations_iPad = "UIInterfaceOrientationPortrait UIInterfaceOrientationPortraitUpsideDown UIInterfaceOrientationLandscapeLeft UIInterfaceOrientationLandscapeRight";
				INFOPLIST_KEY_UISupportedInterfaceOrientations_iPhone = "UIInterfaceOrientationPortrait UIInterfaceOrientationLandscapeLeft UIInterfaceOrientationLandscapeRight";
				LD_RUNPATH_SEARCH_PATHS = (
					"$(inherited)",
					"@executable_path/Frameworks",
				);
				MARKETING_VERSION = 1.0;
				PRODUCT_BUNDLE_IDENTIFIER = de.dasdom.ToDo;
				PRODUCT_NAME = "$(TARGET_NAME)";
				SWIFT_EMIT_LOC_STRINGS = YES;
				SWIFT_VERSION = 5.0;
				TARGETED_DEVICE_FAMILY = "1,2";
			};
			name = Release;
		};
		F20D254D27045FA600546FC9 /* Debug */ = {
			isa = XCBuildConfiguration;
			buildSettings = {
				ALWAYS_EMBED_SWIFT_STANDARD_LIBRARIES = YES;
				BUNDLE_LOADER = "$(TEST_HOST)";
				CODE_SIGN_STYLE = Automatic;
				CURRENT_PROJECT_VERSION = 1;
				DEVELOPMENT_TEAM = Q6PD97MRX4;
				GENERATE_INFOPLIST_FILE = YES;
				IPHONEOS_DEPLOYMENT_TARGET = 15.0;
				LD_RUNPATH_SEARCH_PATHS = (
					"$(inherited)",
					"@executable_path/Frameworks",
					"@loader_path/Frameworks",
				);
				MARKETING_VERSION = 1.0;
				PRODUCT_BUNDLE_IDENTIFIER = de.dasdom.ToDoTests;
				PRODUCT_NAME = "$(TARGET_NAME)";
				SWIFT_EMIT_LOC_STRINGS = NO;
				SWIFT_VERSION = 5.0;
				TARGETED_DEVICE_FAMILY = "1,2";
				TEST_HOST = "$(BUILT_PRODUCTS_DIR)/ToDo.app/ToDo";
			};
			name = Debug;
		};
		F20D254E27045FA600546FC9 /* Release */ = {
			isa = XCBuildConfiguration;
			buildSettings = {
				ALWAYS_EMBED_SWIFT_STANDARD_LIBRARIES = YES;
				BUNDLE_LOADER = "$(TEST_HOST)";
				CODE_SIGN_STYLE = Automatic;
				CURRENT_PROJECT_VERSION = 1;
				DEVELOPMENT_TEAM = Q6PD97MRX4;
				GENERATE_INFOPLIST_FILE = YES;
				IPHONEOS_DEPLOYMENT_TARGET = 15.0;
				LD_RUNPATH_SEARCH_PATHS = (
					"$(inherited)",
					"@executable_path/Frameworks",
					"@loader_path/Frameworks",
				);
				MARKETING_VERSION = 1.0;
				PRODUCT_BUNDLE_IDENTIFIER = de.dasdom.ToDoTests;
				PRODUCT_NAME = "$(TARGET_NAME)";
				SWIFT_EMIT_LOC_STRINGS = NO;
				SWIFT_VERSION = 5.0;
				TARGETED_DEVICE_FAMILY = "1,2";
				TEST_HOST = "$(BUILT_PRODUCTS_DIR)/ToDo.app/ToDo";
			};
			name = Release;
		};
		F20D255027045FA600546FC9 /* Debug */ = {
			isa = XCBuildConfiguration;
			buildSettings = {
				ALWAYS_EMBED_SWIFT_STANDARD_LIBRARIES = YES;
				CODE_SIGN_STYLE = Automatic;
				CURRENT_PROJECT_VERSION = 1;
				DEVELOPMENT_TEAM = Q6PD97MRX4;
				GENERATE_INFOPLIST_FILE = YES;
				LD_RUNPATH_SEARCH_PATHS = (
					"$(inherited)",
					"@executable_path/Frameworks",
					"@loader_path/Frameworks",
				);
				MARKETING_VERSION = 1.0;
				PRODUCT_BUNDLE_IDENTIFIER = de.dasdom.ToDoUITests;
				PRODUCT_NAME = "$(TARGET_NAME)";
				SWIFT_EMIT_LOC_STRINGS = NO;
				SWIFT_VERSION = 5.0;
				TARGETED_DEVICE_FAMILY = "1,2";
				TEST_TARGET_NAME = ToDo;
			};
			name = Debug;
		};
		F20D255127045FA600546FC9 /* Release */ = {
			isa = XCBuildConfiguration;
			buildSettings = {
				ALWAYS_EMBED_SWIFT_STANDARD_LIBRARIES = YES;
				CODE_SIGN_STYLE = Automatic;
				CURRENT_PROJECT_VERSION = 1;
				DEVELOPMENT_TEAM = Q6PD97MRX4;
				GENERATE_INFOPLIST_FILE = YES;
				LD_RUNPATH_SEARCH_PATHS = (
					"$(inherited)",
					"@executable_path/Frameworks",
					"@loader_path/Frameworks",
				);
				MARKETING_VERSION = 1.0;
				PRODUCT_BUNDLE_IDENTIFIER = de.dasdom.ToDoUITests;
				PRODUCT_NAME = "$(TARGET_NAME)";
				SWIFT_EMIT_LOC_STRINGS = NO;
				SWIFT_VERSION = 5.0;
				TARGETED_DEVICE_FAMILY = "1,2";
				TEST_TARGET_NAME = ToDo;
			};
			name = Release;
		};
/* End XCBuildConfiguration section */

/* Begin XCConfigurationList section */
		F20D251A27045FA500546FC9 /* Build configuration list for PBXProject "ToDo" */ = {
			isa = XCConfigurationList;
			buildConfigurations = (
				F20D254727045FA600546FC9 /* Debug */,
				F20D254827045FA600546FC9 /* Release */,
			);
			defaultConfigurationIsVisible = 0;
			defaultConfigurationName = Release;
		};
		F20D254927045FA600546FC9 /* Build configuration list for PBXNativeTarget "ToDo" */ = {
			isa = XCConfigurationList;
			buildConfigurations = (
				F20D254A27045FA600546FC9 /* Debug */,
				F20D254B27045FA600546FC9 /* Release */,
			);
			defaultConfigurationIsVisible = 0;
			defaultConfigurationName = Release;
		};
		F20D254C27045FA600546FC9 /* Build configuration list for PBXNativeTarget "ToDoTests" */ = {
			isa = XCConfigurationList;
			buildConfigurations = (
				F20D254D27045FA600546FC9 /* Debug */,
				F20D254E27045FA600546FC9 /* Release */,
			);
			defaultConfigurationIsVisible = 0;
			defaultConfigurationName = Release;
		};
		F20D254F27045FA600546FC9 /* Build configuration list for PBXNativeTarget "ToDoUITests" */ = {
			isa = XCConfigurationList;
			buildConfigurations = (
				F20D255027045FA600546FC9 /* Debug */,
				F20D255127045FA600546FC9 /* Release */,
			);
			defaultConfigurationIsVisible = 0;
			defaultConfigurationName = Release;
		};
/* End XCConfigurationList section */

/* Begin XCRemoteSwiftPackageReference section */
		F2BD5C4327736EB900136C85 /* XCRemoteSwiftPackageReference "ViewInspector" */ = {
			isa = XCRemoteSwiftPackageReference;
			repositoryURL = "https://github.com/nalexn/ViewInspector";
			requirement = {
				kind = upToNextMajorVersion;
				minimumVersion = 0.9.0;
			};
		};
/* End XCRemoteSwiftPackageReference section */

/* Begin XCSwiftPackageProductDependency section */
		F2BD5C4427736EB900136C85 /* ViewInspector */ = {
			isa = XCSwiftPackageProductDependency;
			package = F2BD5C4327736EB900136C85 /* XCRemoteSwiftPackageReference "ViewInspector" */;
			productName = ViewInspector;
		};
/* End XCSwiftPackageProductDependency section */
	};
	rootObject = F20D251727045FA500546FC9 /* Project object */;
}
